version: 7
platforms:
- name: linux-64
  virtual-packages:
  - __unix=0=0
  - __linux=4.18
  - __glibc=2.28
  - __archspec=0=x86_64
environments:
  default:
    channels:
    - url: https://prefix.dev/conda-forge/
    packages:
      linux-64:
      - conda: https://prefix.dev/conda-forge/linux-64/_openmp_mutex-4.5-20_gnu.conda
      - conda: https://prefix.dev/conda-forge/linux-64/binutils_impl_linux-64-2.46.1-default_hfdba357_102.conda
      - conda: https://prefix.dev/conda-forge/linux-64/bzip2-1.0.8-hda65f42_10.conda
      - conda: https://prefix.dev/conda-forge/linux-64/c-ares-1.34.8-hebe6cf0_2.conda
      - conda: https://prefix.dev/conda-forge/linux-64/cmake-4.4.3-hff7ac6b_0.conda
      - conda: https://prefix.dev/conda-forge/linux-64/conda-gcc-specs-15.3.0-h8846f6e_5.conda
      - conda: https://prefix.dev/conda-forge/linux-64/cxx-compiler-2.0.0-hdab9b82_0.conda
      - conda: https://prefix.dev/conda-forge/linux-64/eigen-5.0.1-h19c2612_3.conda
      - conda: https://prefix.dev/conda-forge/linux-64/gcc-15.3.0-hc6a0c74_5.conda
      - conda: https://prefix.dev/conda-forge/linux-64/gcc_impl_linux-64-15.3.0-hc396a85_5.conda
      - conda: https://prefix.dev/conda-forge/linux-64/glfw-3.5.1-hb03c661_0.conda
      - conda: https://prefix.dev/conda-forge/linux-64/gxx-15.3.0-hc6a0c74_5.conda
      - conda: https://prefix.dev/conda-forge/linux-64/gxx_impl_linux-64-15.3.0-h90d9265_5.conda
      - conda: https://prefix.dev/conda-forge/linux-64/icu-78.3-py310h44b86e0_2.conda
      - conda: https://prefix.dev/conda-forge/linux-64/keyutils-1.6.3-h7cc23a3_1.conda
      - conda: https://prefix.dev/conda-forge/linux-64/krb5-1.22.2-hbc21106_2.conda
      - conda: https://prefix.dev/conda-forge/linux-64/ld_impl_linux-64-2.46.1-default_hbd61a6d_102.conda
      - conda: https://prefix.dev/conda-forge/linux-64/libcurl-8.22.0-ha042cf0_0.conda
      - conda: https://prefix.dev/conda-forge/linux-64/libedit-3.1.20250104-pl5321h373387f_1.conda
      - conda: https://prefix.dev/conda-forge/linux-64/libev-4.33-h280c20c_3.conda
      - conda: https://prefix.dev/conda-forge/linux-64/libexpat-2.8.4-hd2095e1_0.conda
      - conda: https://prefix.dev/conda-forge/linux-64/libffi-3.7.0-h81df57d_1.conda
      - conda: https://prefix.dev/conda-forge/linux-64/libgcc-16.2.0-ha9f2e26_5.conda
      - conda: https://prefix.dev/conda-forge/linux-64/libgl-1.7.0-ha4b6fd6_5.conda
      - conda: https://prefix.dev/conda-forge/linux-64/libgl-devel-1.7.0-ha4b6fd6_5.conda
      - conda: https://prefix.dev/conda-forge/linux-64/libglvnd-1.7.0-ha4b6fd6_5.conda
      - conda: https://prefix.dev/conda-forge/linux-64/libglx-1.7.0-ha4b6fd6_5.conda
      - conda: https://prefix.dev/conda-forge/linux-64/libglx-devel-1.7.0-ha4b6fd6_5.conda
      - conda: https://prefix.dev/conda-forge/linux-64/libgomp-16.2.0-he0feb66_5.conda
      - conda: https://prefix.dev/conda-forge/linux-64/libiconv-1.18-h0cb94f2_3.conda
      - conda: https://prefix.dev/conda-forge/linux-64/liblzma-5.8.3-hb03c661_1.conda
      - conda: https://prefix.dev/conda-forge/linux-64/libnghttp2-1.68.1-h74cf4be_1.conda
      - conda: https://prefix.dev/conda-forge/linux-64/libnsl-2.0.1-hb9d3cd8_1.conda
      - conda: https://prefix.dev/conda-forge/linux-64/libpsl-0.23.1-hd9e3e90_1.conda
      - conda: https://prefix.dev/conda-forge/linux-64/libpython-3.12.14-h0c77377_3_cpython.conda
      - conda: https://prefix.dev/conda-forge/linux-64/libsanitizer-15.3.0-h54950a5_5.conda
      - conda: https://prefix.dev/conda-forge/linux-64/libsqlite-3.53.4-h13e7031_1.conda
      - conda: https://prefix.dev/conda-forge/linux-64/libssh2-1.11.1-h6154650_1.conda
      - conda: https://prefix.dev/conda-forge/linux-64/libstdcxx-16.2.0-h934c35e_5.conda
      - conda: https://prefix.dev/conda-forge/linux-64/libuuid-2.42.3-hcfc3c73_0.conda
      - conda: https://prefix.dev/conda-forge/linux-64/libuv-1.52.1-h280c20c_1.conda
      - conda: https://prefix.dev/conda-forge/linux-64/libxcb-1.17.0-hb83e432_2.conda
      - conda: https://prefix.dev/conda-forge/linux-64/libxcrypt-4.4.38-h280c20c_0.conda
      - conda: https://prefix.dev/conda-forge/linux-64/libxkbcommon-1.13.2-h51789e4_1.conda
      - conda: https://prefix.dev/conda-forge/linux-64/libxml2-16-2.15.4-hf3af7cc_0.conda
      - conda: https://prefix.dev/conda-forge/linux-64/libxml2-2.15.4-h7df9aa5_0.conda
      - conda: https://prefix.dev/conda-forge/linux-64/libzlib-1.3.2-h25fd6f3_3.conda
      - conda: https://prefix.dev/conda-forge/linux-64/ncurses-6.6-hdb14827_1.conda
      - conda: https://prefix.dev/conda-forge/linux-64/ninja-1.13.2-h171cf75_1.conda
      - conda: https://prefix.dev/conda-forge/linux-64/openssl-3.6.4-h781a0a9_0.conda
      - conda: https://prefix.dev/conda-forge/linux-64/pkg-config-0.29.2-h1114479_1013.conda
      - conda: https://prefix.dev/conda-forge/linux-64/pthread-stubs-0.4-h7cc23a3_1004.conda
      - conda: https://prefix.dev/conda-forge/linux-64/python-3.12.14-h5f976f7_3_cpython.conda
      - conda: https://prefix.dev/conda-forge/linux-64/readline-8.3-hd6e31c0_1.conda
      - conda: https://prefix.dev/conda-forge/linux-64/rhash-1.4.6-hb03c661_2.conda
      - conda: https://prefix.dev/conda-forge/linux-64/tk-8.6.13-noxft_h1df4ec4_4.conda
      - conda: https://prefix.dev/conda-forge/linux-64/wayland-1.26.0-hc1c935e_2.conda
      - conda: https://prefix.dev/conda-forge/linux-64/xkeyboard-config-2.48-h280c20c_0.conda
      - conda: https://prefix.dev/conda-forge/linux-64/xorg-libx11-1.8.13-he1eb515_1.conda
      - conda: https://prefix.dev/conda-forge/linux-64/xorg-libxau-1.0.12-h7cc23a3_2.conda
      - conda: https://prefix.dev/conda-forge/linux-64/xorg-libxcursor-1.2.3-hb9d3cd8_0.conda
      - conda: https://prefix.dev/conda-forge/linux-64/xorg-libxdmcp-1.1.5-h7cc23a3_2.conda
      - conda: https://prefix.dev/conda-forge/linux-64/xorg-libxext-1.3.7-h7cc23a3_1.conda
      - conda: https://prefix.dev/conda-forge/linux-64/xorg-libxfixes-6.0.2-h7cc23a3_1.conda
      - conda: https://prefix.dev/conda-forge/linux-64/xorg-libxi-1.8.3-h7cc23a3_1.conda
      - conda: https://prefix.dev/conda-forge/linux-64/xorg-libxinerama-1.1.6-hecca717_0.conda
      - conda: https://prefix.dev/conda-forge/linux-64/xorg-libxrandr-1.5.5-h7cc23a3_1.conda
      - conda: https://prefix.dev/conda-forge/linux-64/xorg-libxrender-0.9.12-hb03c661_1.conda
      - conda: https://prefix.dev/conda-forge/linux-64/xorg-xorgproto-2025.1-hebe6cf0_3.conda
      - conda: https://prefix.dev/conda-forge/linux-64/zlib-1.3.2-h25fd6f3_3.conda
      - conda: https://prefix.dev/conda-forge/linux-64/zstd-1.5.7-hb78ec9c_7.conda
      - conda: https://prefix.dev/conda-forge/noarch/ca-certificates-2026.7.22-hbd8a1cb_0.conda
      - conda: https://prefix.dev/conda-forge/noarch/kernel-headers_linux-64-4.18.0-he073ed8_9.conda
      - conda: https://prefix.dev/conda-forge/noarch/libgcc-devel_linux-64-15.3.0-h2b852eb_105.conda
      - conda: https://prefix.dev/conda-forge/noarch/libstdcxx-devel_linux-64-15.3.0-hb2c5482_105.conda
      - conda: https://prefix.dev/conda-forge/noarch/sysroot_linux-64-2.28-h4ee821c_9.conda
      - conda: https://prefix.dev/conda-forge/noarch/tzdata-2026c-h151e31d_0.conda
packages:
- conda: https://prefix.dev/conda-forge/linux-64/_openmp_mutex-4.5-20_gnu.conda
  build_number: 20
  sha256: 1dd3fffd892081df9726d7eb7e0dea6198962ba775bd88842135a4ddb4deb3c9
  md5: a9f577daf3de00bca7c3c76c0ecbd1de
  depends:
  - __glibc >=2.17,<3.0.a0
  - libgomp >=7.5.0
  constrains:
  - openmp_impl <0.0a0
  license: BSD-3-Clause
  license_family: BSD
  run_exports:
    strong:
    - _openmp_mutex >=4.5
  size: 28948
  timestamp: 1770939786096
- conda: https://prefix.dev/conda-forge/linux-64/binutils_impl_linux-64-2.46.1-default_hfdba357_102.conda
  sha256: fb7bf36984a37ce7e4714d1d1da0bd0e3bfc679520f5cdc184afc676fd4b5da2
  md5: a0c5e0b7f58c8ceeb08e5bc41251d5a2
  depends:
  - ld_impl_linux-64 2.46.1 default_hbd61a6d_102
  - sysroot_linux-64
  - zstd >=1.5.7,<1.6.0a0
  license: GPL-3.0-only
  license_family: GPL
  run_exports: {}
  size: 3713752
  timestamp: 1784214522814
- conda: https://prefix.dev/conda-forge/linux-64/bzip2-1.0.8-hda65f42_10.conda
  sha256: 1a0d382c515ebf55f8ee1f38c8b81bc95af5c2acc42ad53b66bc5df932032f96
  md5: e675fabcf81499adc7edf58124fb1e01
  depends:
  - __glibc >=2.17,<3.0.a0
  - libgcc >=14
  license: bzip2-1.0.6
  license_family: BSD
  run_exports:
    weak:
    - bzip2 >=1.0.8,<2.0a0
  size: 257808
  timestamp: 1785906269155
- conda: https://prefix.dev/conda-forge/linux-64/c-ares-1.34.8-hebe6cf0_2.conda
  sha256: 9c37cc233238adf366ea75b0e845662a5be07ceadf62e458183516369340274b
  md5: 3ad2b403be8fc5612b9159e2ce621f69
  depends:
  - libgcc >=15
  - __glibc >=2.17,<3.0.a0
  license: MIT
  license_family: MIT
  run_exports:
    weak:
    - c-ares >=1.34.8,<2.0a0
  size: 228700
  timestamp: 1787169971173
- conda: https://prefix.dev/conda-forge/linux-64/cmake-4.4.3-hff7ac6b_0.conda
  sha256: a6d21b5166cd7a44fa975e541f1abf851579a8ac3458e72e77125761da06c842
  md5: e9d08c8f9a02853bfc6f8c3a4b0b19a4
  depends:
  - libgcc >=15
  - __glibc >=2.17,<3.0.a0
  - libstdcxx >=15
  - ncurses >=6.6,<7.0a0
  - bzip2 >=1.0.8,<2.0a0
  - libexpat >=2.8.1,<3.0a0
  - liblzma >=5.8.3,<6.0a0
  - libcurl >=8.21.0,<9.0a0
  - rhash >=1.4.6,<2.0a0
  - libuv >=1.52.1,<2.0a0
  - libzlib >=1.3.2,<2.0a0
  - zstd >=1.5.7,<1.6.0a0
  license: BSD-3-Clause
  license_family: BSD
  run_exports: {}
  size: 26077721
  timestamp: 1787711119591
- conda: https://prefix.dev/conda-forge/linux-64/conda-gcc-specs-15.3.0-h8846f6e_5.conda
  sha256: 969fd0ed8854739103a0a58a5976f11d0b9f476350c5f5d3d6a3e36ba1ba7596
  md5: 1e528e9087b065353337275369151640
  depends:
  - gcc_impl_linux-64 >=15.3.0,<15.3.1.0a0
  license: GPL-3.0-only WITH GCC-exception-3.1
  license_family: GPL
  run_exports: {}
  size: 32620
  timestamp: 1789486882706
- conda: https://prefix.dev/conda-forge/linux-64/cxx-compiler-2.0.0-hdab9b82_0.conda
  sha256: 384ab445d260e0d69e701c32eb0ed870d348ec7e3efc78d944823855d4512ca1
  md5: 923dacbfd97122c65c97a35f6e959ab8
  depends:
  - gxx 15.*
  license: BSD-3-Clause
  license_family: BSD
  run_exports: {}
  size: 6972
  timestamp: 1786642183694
- conda: https://prefix.dev/conda-forge/linux-64/eigen-5.0.1-h19c2612_3.conda
  sha256: e134dba3ad3523573d5902ff1222a4033372089ea31efa99e6adaf0aa18f904a
  md5: cf1f7131e9055f06f07a834091f44ca4
  license: MPL-2.0
  license_family: MOZILLA
  run_exports: {}
  size: 1311719
  timestamp: 1788951264833
- conda: https://prefix.dev/conda-forge/linux-64/gcc-15.3.0-hc6a0c74_5.conda
  sha256: 82ced70a8e470b2c4a0be0af465cfee6a54b3dedea6fd20a33bd69e95f57ca02
  md5: 991fd0f71d6dd95cdce863823ec746f7
  depends:
  - conda-gcc-specs
  - gcc_impl_linux-64 15.3.0 hc396a85_5
  license: BSD-3-Clause
  license_family: BSD
  run_exports: {}
  size: 29465
  timestamp: 1789487004656
- conda: https://prefix.dev/conda-forge/linux-64/gcc_impl_linux-64-15.3.0-hc396a85_5.conda
  sha256: 32d6f106ab50fbe86a7c6df2012ecf47dc1e8edf3c8c653e6de65471cedb9488
  md5: 785f3e8588520b23b6b1df8e4081710e
  depends:
  - binutils_impl_linux-64 >=2.46.1
  - libgcc >=15.3.0
  - libgcc-devel_linux-64 15.3.0 h2b852eb_105
  - libgomp >=15.3.0
  - libsanitizer 15.3.0 h54950a5_5
  - libstdcxx >=15.3.0
  - libstdcxx-devel_linux-64 15.3.0 hb2c5482_105
  - sysroot_linux-64
  license: GPL-3.0-only WITH GCC-exception-3.1
  license_family: GPL
  run_exports: {}
  size: 84297590
  timestamp: 1789486747705
- conda: https://prefix.dev/conda-forge/linux-64/glfw-3.5.1-hb03c661_0.conda
  sha256: 2f46b0709d5122b37d65a039ad66ff9c756c31341a83ba216a3049700921b2b4
  md5: 0508b01775886f89c7dbf9747a9d8b8f
  depends:
  - __glibc >=2.17,<3.0.a0
  - libgcc >=14
  - libxkbcommon >=1.13.2,<2.0a0
  - wayland >=1.26.0,<2.0a0
  - xorg-libx11 >=1.8.13,<2.0a0
  - xorg-libxcursor >=1.2.3,<2.0a0
  - xorg-libxi >=1.8.3,<2.0a0
  - xorg-libxinerama >=1.1.6,<1.2.0a0
  - xorg-libxrandr >=1.5.5,<2.0a0
  license: Zlib
  run_exports:
    weak:
    - glfw >=3.5.1,<4.0a0
  size: 171191
  timestamp: 1785586436676
- conda: https://prefix.dev/conda-forge/linux-64/gxx-15.3.0-hc6a0c74_5.conda
  sha256: f090b2500c715a498177d725048270925d1e3089e379ae550df2a5be983b7bb1
  md5: dbf1e3e3871d3133c0bc9f8078014f6e
  depends:
  - conda-gcc-specs
  - gcc 15.3.0 hc6a0c74_5
  - gxx_impl_linux-64 15.3.0 h90d9265_5
  license: BSD-3-Clause
  license_family: BSD
  run_exports: {}
  size: 28952
  timestamp: 1789487101928
- conda: https://prefix.dev/conda-forge/linux-64/gxx_impl_linux-64-15.3.0-h90d9265_5.conda
  sha256: 0e58e81f8d31454bd5edc39b15df6dae46aa00ca6ab5ff7f2b6996cfbedeb4ea
  md5: 9807d970a37a428c4990e7a1d70fd4ae
  depends:
  - gcc_impl_linux-64 15.3.0 hc396a85_5
  - libstdcxx-devel_linux-64 15.3.0 hb2c5482_105
  - sysroot_linux-64
  - tzdata
  license: GPL-3.0-only WITH GCC-exception-3.1
  license_family: GPL
  run_exports: {}
  size: 16225632
  timestamp: 1789486960809
- conda: https://prefix.dev/conda-forge/linux-64/icu-78.3-py310h44b86e0_2.conda
  sha256: 9f07834f0c546ab14d885ce0366285f61f44e326c0edd1fc63b8294e113ae432
  md5: 72a381cbad04f24b1c2a43ef707f45b4
  depends:
  - __glibc >=2.17,<3.0.a0
  - libstdcxx >=14
  - libgcc >=14
  license: MIT
  license_family: MIT
  run_exports:
    weak:
    - icu >=78.3,<79.0a0
  size: 14459115
  timestamp: 1786545741408
- conda: https://prefix.dev/conda-forge/linux-64/keyutils-1.6.3-h7cc23a3_1.conda
  sha256: dd053c96dcb0dcfd59422aefea9d2fe937a190167f34fba7893ec1e10a7e8963
  md5: ba55d1b89fd7775e67de8291029b4059
  depends:
  - __glibc >=2.17,<3.0.a0
  - libgcc >=15
  license: LGPL-2.1-or-later
  run_exports:
    weak:
    - keyutils >=1.6.3,<2.0a0
  size: 135295
  timestamp: 1786739238128
- conda: https://prefix.dev/conda-forge/linux-64/krb5-1.22.2-hbc21106_2.conda
  sha256: 2a5c38c85e63df84c4e69ee71439841ce570d259ae3060627bb9a49a938d66f4
  md5: 53318d715316929a574f83591308b1f8
  depends:
  - __glibc >=2.17,<3.0.a0
  - keyutils >=1.6.3,<2.0a0
  - libedit >=3.1.20250104,<3.2.0a0
  - libedit >=3.1.20250104,<4.0a0
  - libgcc >=15
  - libstdcxx >=15
  - openssl >=3.5.7,<4.0a0
  license: MIT
  license_family: MIT
  run_exports:
    weak:
    - krb5 >=1.22.2,<1.23.0a0
  size: 1394333
  timestamp: 1786762112514
- conda: https://prefix.dev/conda-forge/linux-64/ld_impl_linux-64-2.46.1-default_hbd61a6d_102.conda
  sha256: 27d83f1188cd19bcb7754a078b3fa7f4cfb8527f8eb2fde54dd01fc529d1adec
  md5: 449500f2c089da11c40f5c21312e3e07
  depends:
  - __glibc >=2.17,<3.0.a0
  - zstd >=1.5.7,<1.6.0a0
  constrains:
  - binutils_impl_linux-64 2.46.1
  license: GPL-3.0-only
  license_family: GPL
  run_exports: {}
  size: 745303
  timestamp: 1784214507189
- conda: https://prefix.dev/conda-forge/linux-64/libcurl-8.22.0-ha042cf0_0.conda
  sha256: 483b7eb97f56fbb3a9cb7190d33012dfa0a5aaed99ede61465563cd97dd82504
  md5: e617deee7af8eb0c04f6296d12b54157
  depends:
  - __glibc >=2.17,<3.0.a0
  - krb5 >=1.22.2,<1.23.0a0
  - libgcc >=15
  - libnghttp2 >=1.68.1,<2.0a0
  - libpsl >=0.23.1,<0.24.0a0
  - libssh2 >=1.11.1,<2.0a0
  - libzlib >=1.3.2,<2.0a0
  - openssl >=3.5.8,<4.0a0
  - zstd >=1.5.7,<1.6.0a0
  license: curl
  license_family: MIT
  run_exports:
    weak:
    - libcurl >=8.22.0,<9.0a0
  size: 499651
  timestamp: 1788340719230
- conda: https://prefix.dev/conda-forge/linux-64/libedit-3.1.20250104-pl5321h373387f_1.conda
  sha256: 6473eb8caf2aae830f37caa93db9b26dddf7ac84b63229e8bf7fc0e5c3ab95b0
  md5: 50708d3b951d0f8e2d7f2df5b5edc040
  depends:
  - ncurses
  - libgcc >=14
  - __glibc >=2.17,<3.0.a0
  - ncurses >=6.6,<7.0a0
  license: BSD-2-Clause
  license_family: BSD
  run_exports:
    weak:
    - libedit >=3.1.20250104,<3.2.0a0
  size: 135098
  timestamp: 1786616658086
- conda: https://prefix.dev/conda-forge/linux-64/libev-4.33-h280c20c_3.conda
  sha256: e4418f68d01a6307c4431b585c71b584f40189877364e542ee87deb777f5e85b
  md5: 7bc31538d6e3fb349e897353969237ec
  depends:
  - libgcc >=14
  - __glibc >=2.17,<3.0.a0
  license: BSD-2-Clause OR GPL-2.0-or-later
  license_family: GPL
  run_exports:
    weak:
    - libev >=4.33,<4.34.0a0
  size: 43220
  timestamp: 1785917328200
- conda: https://prefix.dev/conda-forge/linux-64/libexpat-2.8.4-hd2095e1_0.conda
  sha256: 2f5e90b621f7bf64c35d5c972bd85a645555d82404130569149a129dcbc8b8dd
  md5: a77b44d6cbaad97f3ad050ab35fad55a
  depends:
  - __glibc >=2.17,<3.0.a0
  - libgcc >=15
  constrains:
  - expat 2.8.4.*
  license: MIT
  license_family: MIT
  run_exports: {}
  size: 77595
  timestamp: 1790073019208
- conda: https://prefix.dev/conda-forge/linux-64/libffi-3.7.0-h81df57d_1.conda
  sha256: c8c7583ef063bc3c430f1d48298e5ad24f796a35c22ed5b14183325825a61106
  md5: 6525a0b06aa4fd390795f0740636a9dd
  depends:
  - __glibc >=2.17,<3.0.a0
  - libgcc >=15
  license: MIT
  license_family: MIT
  run_exports:
    weak:
    - libffi >=3.7.0,<3.8.0a0
  size: 68004
  timestamp: 1787753412298
- conda: https://prefix.dev/conda-forge/linux-64/libgcc-16.2.0-ha9f2e26_5.conda
  sha256: 33d1b5d57c5a55a474330c5ec41fe7001a5aa600d9639389e8ce5edafae216a4
  md5: 3b62b92f0f082b67c59618ebf07617a7
  depends:
  - __glibc >=2.17,<3.0.a0
  - _openmp_mutex >=4.5
  constrains:
  - libgcc-ng ==16.2.0=*_5
  - libgomp 16.2.0 he0feb66_5
  license: GPL-3.0-only WITH GCC-exception-3.1
  license_family: GPL
  run_exports: {}
  size: 1057064
  timestamp: 1789485807107
- conda: https://prefix.dev/conda-forge/linux-64/libgl-1.7.0-ha4b6fd6_5.conda
  sha256: 7b2e7e31e8a4f5a01c45ecadcd8aa68c8f733b035240bc7ba9881835ef4bf7b4
  md5: 81141db127a106eb5a91df69a29c9918
  depends:
  - __glibc >=2.17,<3.0.a0
  - libglvnd 1.7.0 ha4b6fd6_5
  - libglx 1.7.0 ha4b6fd6_5
  license: LicenseRef-libglvnd
  run_exports: {}
  size: 131988
  timestamp: 1787310049847
- conda: https://prefix.dev/conda-forge/linux-64/libgl-devel-1.7.0-ha4b6fd6_5.conda
  sha256: 3bebdbeb3ce451287794dddd5cc4d7f4970aac200b2fb797f0d17ac727a71cb7
  md5: f5f7fc038c611a25b22758c0a40d25c9
  depends:
  - __glibc >=2.17,<3.0.a0
  - libgl 1.7.0 ha4b6fd6_5
  - libglx-devel 1.7.0 ha4b6fd6_5
  license: LicenseRef-libglvnd
  run_exports:
    weak:
    - libgl >=1.7.0,<2.0a0
  size: 116212
  timestamp: 1787310061570
- conda: https://prefix.dev/conda-forge/linux-64/libglvnd-1.7.0-ha4b6fd6_5.conda
  sha256: 6eb77601a44b78c4631d886d54ef54f321c2bdc69fdefc4065a1e0491f030c76
  md5: cfcf11edcfd4acf0094771a9c3b8587f
  depends:
  - __glibc >=2.17,<3.0.a0
  license: LicenseRef-libglvnd
  run_exports: {}
  size: 133827
  timestamp: 1787310026653
- conda: https://prefix.dev/conda-forge/linux-64/libglx-1.7.0-ha4b6fd6_5.conda
  sha256: d1f0d51aea6bcc5d915969cbed32e72a8ed6a95931b87357ef8d0866573688c4
  md5: 614e10aae180f87b84f0d1ca8ceb7d9e
  depends:
  - __glibc >=2.17,<3.0.a0
  - libglvnd 1.7.0 ha4b6fd6_5
  - xorg-libx11 >=1.8.13,<2.0a0
  license: LicenseRef-libglvnd
  run_exports: {}
  size: 79834
  timestamp: 1787310042550
- conda: https://prefix.dev/conda-forge/linux-64/libglx-devel-1.7.0-ha4b6fd6_5.conda
  sha256: aff3841e3404d78e1887fef988ca4842930c577399d566fa0980808756b1df51
  md5: fb00b4fb800f2d431303a5c1625ef9d0
  depends:
  - __glibc >=2.17,<3.0.a0
  - libglx 1.7.0 ha4b6fd6_5
  - xorg-libx11 >=1.8.13,<2.0a0
  - xorg-xorgproto
  license: LicenseRef-libglvnd
  run_exports:
    weak:
    - libglx >=1.7.0,<2.0a0
  size: 27698
  timestamp: 1787310053582
- conda: https://prefix.dev/conda-forge/linux-64/libgomp-16.2.0-he0feb66_5.conda
  sha256: 224a5a09e258a1a257089a9af310e9336e1d36834959718a9fab8679742dd822
  md5: af44890f8a2beefd3a83805a59a65014
  depends:
  - __glibc >=2.17,<3.0.a0
  license: GPL-3.0-only WITH GCC-exception-3.1
  license_family: GPL
  run_exports:
    strong:
    - _openmp_mutex >=4.5
  size: 641644
  timestamp: 1789485759120
- conda: https://prefix.dev/conda-forge/linux-64/libiconv-1.18-h0cb94f2_3.conda
  sha256: f943117edb9cd4d9c61cc972eee5a34291dc55ea7a6e9e38da104995841cbcb6
  md5: f92233bf33e24a25668bb2119e2c51f9
  depends:
  - __glibc >=2.17,<3.0.a0
  - libgcc >=15
  license: LGPL-2.1-only
  run_exports:
    weak:
    - libiconv >=1.18,<2.0a0
  size: 789471
  timestamp: 1787033836207
- conda: https://prefix.dev/conda-forge/linux-64/liblzma-5.8.3-hb03c661_1.conda
  sha256: 9787df8c22a59c9a70d3e5a10db9ad663485e75e9ccc3f09bd092cb7b95e0dab
  md5: 1390b7c5ac0b1d8e447bc5efa6d3c8c2
  depends:
  - __glibc >=2.17,<3.0.a0
  - libgcc >=14
  constrains:
  - xz 5.8.3.*
  license: 0BSD
  run_exports:
    weak:
    - liblzma >=5.8.3,<6.0a0
  size: 112995
  timestamp: 1786348617826
- conda: https://prefix.dev/conda-forge/linux-64/libnghttp2-1.68.1-h74cf4be_1.conda
  sha256: 11a2f54a6f391e25738bce0023e6ef499600147bbcf21c1fa69d2e251b03cc6a
  md5: 75d211f04ac87506f1f43420712a69fe
  depends:
  - __glibc >=2.17,<3.0.a0
  - c-ares >=1.34.8,<2.0a0
  - libev >=4.33,<4.34.0a0
  - libev >=4.33,<5.0a0
  - libgcc >=15
  - libstdcxx >=15
  - libzlib >=1.3.2,<2.0a0
  - openssl >=3.5.7,<4.0a0
  license: MIT
  license_family: MIT
  run_exports:
    weak:
    - libnghttp2 >=1.68.1,<2.0a0
  size: 649974
  timestamp: 1787177490105
- conda: https://prefix.dev/conda-forge/linux-64/libnsl-2.0.1-hb9d3cd8_1.conda
  sha256: 927fe72b054277cde6cb82597d0fcf6baf127dcbce2e0a9d8925a68f1265eef5
  md5: d864d34357c3b65a4b731f78c0801dc4
  depends:
  - __glibc >=2.17,<3.0.a0
  - libgcc >=13
  license: LGPL-2.1-only
  license_family: GPL
  run_exports:
    weak:
    - libnsl >=2.0.1,<2.1.0a0
  size: 33731
  timestamp: 1750274110928
- conda: https://prefix.dev/conda-forge/linux-64/libpsl-0.23.1-hd9e3e90_1.conda
  sha256: 09e8effdc89bc5d021349318d32b85594f5b8d8e3ab8f90a85b81f8fe695a566
  md5: 77be60417aa572afcb48cbe0f967401d
  depends:
  - libstdcxx >=15
  - libgcc >=15
  - __glibc >=2.17,<3.0.a0
  - icu >=78.3,<79.0a0
  license: MIT
  license_family: MIT
  run_exports:
    weak:
    - libpsl >=0.23.1,<0.24.0a0
  size: 72519
  timestamp: 1786970753847
- conda: https://prefix.dev/conda-forge/linux-64/libpython-3.12.14-h0c77377_3_cpython.conda
  build_number: 3
  sha256: 6be16a4906d83eb8e9e04375d524f339f426a847cffd294f1ceb0611988dc17a
  md5: d247b7632f09324c11f24b5270361385
  depends:
  - __glibc >=2.17,<3.0.a0
  - libgcc >=15
  - libstdcxx >=15
  license: Python-2.0
  run_exports: {}
  size: 8770625
  timestamp: 1788392466381
- conda: https://prefix.dev/conda-forge/linux-64/libsanitizer-15.3.0-h54950a5_5.conda
  sha256: f55d5a3e2dc88f993ed5018a7255eb4a38e71d7f57e19eccba0619d753ba1301
  md5: 8d95ac7455d5eb38b784d98019475f0c
  depends:
  - __glibc >=2.17,<3.0.a0
  - libgcc >=15.3.0
  - libstdcxx >=15.3.0
  license: GPL-3.0-only WITH GCC-exception-3.1
  license_family: GPL
  run_exports:
    weak:
    - libsanitizer 15.3.0
  size: 8098064
  timestamp: 1789486698138
- conda: https://prefix.dev/conda-forge/linux-64/libsqlite-3.53.4-h13e7031_1.conda
  sha256: f20d70da54e5b31dd4a51fb1efeaafafd5ab6dd8d7ac9d1438eaa2526ac4ed3d
  md5: e72bbec309c2b0f37823ee7d4fabfcd3
  depends:
  - __glibc >=2.17,<3.0.a0
  - icu >=78.3,<79.0a0
  - libgcc >=15
  - libzlib >=1.3.2,<2.0a0
  license: blessing
  run_exports:
    weak:
    - libsqlite >=3.53.4,<4.0a0
  size: 974348
  timestamp: 1787051145557
- conda: https://prefix.dev/conda-forge/linux-64/libssh2-1.11.1-h6154650_1.conda
  sha256: 7e463000fa1cba3f3a6597b776f6ab301d425a96e3bc20d0d9d76a3b9f237aa3
  md5: 5c526561e1d2a2e071941174eae84557
  depends:
  - __glibc >=2.17,<3.0.a0
  - libgcc >=14
  - libzlib >=1.3.2,<2.0a0
  - openssl >=3.5.7,<4.0a0
  license: BSD-3-Clause
  license_family: BSD
  run_exports:
    weak:
    - libssh2 >=1.11.1,<2.0a0
  size: 306045
  timestamp: 1786713107897
- conda: https://prefix.dev/conda-forge/linux-64/libstdcxx-16.2.0-h934c35e_5.conda
  sha256: 38cadde30fad8f7c101f9eec79f60bf03fc99310c7195d23f8b30832516d666f
  md5: 75b43a2912a0354204696708e4f34b8d
  depends:
  - __glibc >=2.17,<3.0.a0
  - libgcc 16.2.0 ha9f2e26_5
  constrains:
  - libstdcxx-ng ==16.2.0=*_5
  license: GPL-3.0-only WITH GCC-exception-3.1
  license_family: GPL
  run_exports: {}
  size: 6618916
  timestamp: 1789485826390
- conda: https://prefix.dev/conda-forge/linux-64/libuuid-2.42.3-hcfc3c73_0.conda
  sha256: aa58bbba56644ffd062a4a9b358782c5eb7560ccead2ab8f7c5c6ede0a7d33a6
  md5: 74a0a409d9f4561265d36b789d3f398a
  depends:
  - __glibc >=2.17,<3.0.a0
  - libgcc >=15
  license: BSD-3-Clause
  license_family: BSD
  run_exports:
    weak:
    - libuuid >=2.42.3,<3.0a0
  size: 39998
  timestamp: 1788347719520
- conda: https://prefix.dev/conda-forge/linux-64/libuv-1.52.1-h280c20c_1.conda
  sha256: 67761d0206f84140047a367eaf9befe03a7e157a29ee25aee0047b40801cc6b6
  md5: 01c4ed87826af55996768af6dbc936b4
  depends:
  - libgcc >=14
  - __glibc >=2.17,<3.0.a0
  license: MIT
  license_family: MIT
  run_exports:
    weak:
    - libuv >=1.52.1,<2.0a0
  size: 420040
  timestamp: 1785914567661
- conda: https://prefix.dev/conda-forge/linux-64/libxcb-1.17.0-hb83e432_2.conda
  sha256: 7b49e6fd2a584b7f072943e6adf4149677af5121246975278804782d37752837
  md5: 61f0ffba9161cbb3a77722869b21e4bb
  depends:
  - __glibc >=2.17,<3.0.a0
  - libgcc >=15
  - pthread-stubs
  - xorg-libxau >=1.0.12,<2.0a0
  - xorg-libxdmcp >=1.1.5,<2.0a0
  license: MIT
  license_family: MIT
  run_exports:
    weak:
    - libxcb >=1.17.0,<2.0a0
  size: 395120
  timestamp: 1787885788278
- conda: https://prefix.dev/conda-forge/linux-64/libxcrypt-4.4.38-h280c20c_0.conda
  sha256: f7e9292dd219a6435bbb1223da9586c3e70d66d169c5a92f08db3f2127df04e9
  md5: f7a7ff5a6ab331e037abd34f379a631d
  depends:
  - libgcc >=14
  - __glibc >=2.17,<3.0.a0
  license: LGPL-2.1-or-later
  run_exports:
    weak:
    - libxcrypt >=4.4.38
  size: 101957
  timestamp: 1785887123445
- conda: https://prefix.dev/conda-forge/linux-64/libxkbcommon-1.13.2-h51789e4_1.conda
  sha256: d44878d396713ccf3b355df617f61c40a1442fffcf134392bc6ce0e6c2219369
  md5: f888787e0eab7a8076a67d197e155ffc
  depends:
  - xkeyboard-config
  - libstdcxx >=14
  - libgcc >=14
  - __glibc >=2.17,<3.0.a0
  - libxcb >=1.17.0,<2.0a0
  - xorg-libxau >=1.0.12,<2.0a0
  - libxml2
  - libxml2-16 >=2.14.6
  license: MIT AND MIT-open-group AND HPND AND HPND-sell-variant AND ISC
  run_exports:
    weak:
    - libxkbcommon >=1.13.2,<2.0a0
  size: 942571
  timestamp: 1787178780572
- conda: https://prefix.dev/conda-forge/linux-64/libxml2-16-2.15.4-hf3af7cc_0.conda
  sha256: 9a1685c8d8b8488cd7882a9cd6e673e687211ca763ebbcd1e91b6f594eeadc45
  md5: b7545c57a73a51d72aa6eee5695cf051
  depends:
  - __glibc >=2.17,<3.0.a0
  - icu >=78.3,<79.0a0
  - libgcc >=15
  - libiconv >=1.18,<2.0a0
  - liblzma >=5.8.3,<6.0a0
  - libzlib >=1.3.2,<2.0a0
  constrains:
  - libxml2 2.15.4
  license: MIT
  license_family: MIT
  run_exports: {}
  size: 569196
  timestamp: 1788635197456
- conda: https://prefix.dev/conda-forge/linux-64/libxml2-2.15.4-h7df9aa5_0.conda
  sha256: 053d85821ce5e36b7ce03faea5930382f6af695df9e2cd68e5d8d273072d1551
  md5: ea192d1ef556bf1d55de4acb8c0f5b65
  depends:
  - __glibc >=2.17,<3.0.a0
  - icu >=78.3,<79.0a0
  - libgcc >=15
  - libiconv >=1.18,<2.0a0
  - liblzma >=5.8.3,<6.0a0
  - libxml2-16 2.15.4 hf3af7cc_0
  - libzlib >=1.3.2,<2.0a0
  license: MIT
  license_family: MIT
  run_exports:
    weak:
    - libxml2
    - libxml2-16 >=2.15.4
  size: 47077
  timestamp: 1788635202698
- conda: https://prefix.dev/conda-forge/linux-64/libzlib-1.3.2-h25fd6f3_3.conda
  sha256: eb8a0db0aa570124f7d2a93d7c7f596e3390df5e047818d873baad32985fc736
  md5: 0de0122d9570a8ab637c6b73db268389
  depends:
  - __glibc >=2.17,<3.0.a0
  constrains:
  - zlib 1.3.2 *_3
  license: Zlib
  license_family: Other
  run_exports:
    weak:
    - libzlib >=1.3.2,<2.0a0
  size: 63713
  timestamp: 1785362952714
- conda: https://prefix.dev/conda-forge/linux-64/ncurses-6.6-hdb14827_1.conda
  sha256: 5d46557214ed184381dafe835b7c94a474a1c3b307a08a250b1ea4779b44ffb3
  md5: ee6c0cd80a60961a1f48aa3e0b91f986
  depends:
  - __glibc >=2.17,<3.0.a0
  - libgcc >=14
  license: X11 AND BSD-3-Clause
  run_exports:
    weak:
    - ncurses >=6.6,<7.0a0
  size: 911196
  timestamp: 1786355078102
- conda: https://prefix.dev/conda-forge/linux-64/ninja-1.13.2-h171cf75_1.conda
  sha256: 2b5f2e865122f9fc0637f520a7cb22e16b9727b2db6761ee16cb5e6404412c81
  md5: 2db7a395d7dc2b6ed5effaf68fb99443
  depends:
  - __glibc >=2.17,<3.0.a0
  - libstdcxx >=14
  - libgcc >=14
  license: Apache-2.0
  license_family: APACHE
  run_exports: {}
  size: 186767
  timestamp: 1786713048064
- conda: https://prefix.dev/conda-forge/linux-64/openssl-3.6.4-h781a0a9_0.conda
  sha256: 4747b2d6a8336f52343bceb8a1ebf41a9e6e665b9d2e3f989972de53a310599e
  md5: 16e3034a330cc625f2c685edec60cf4e
  depends:
  - __glibc >=2.17,<3.0.a0
  - ca-certificates
  - libgcc >=15
  license: Apache-2.0
  license_family: Apache
  run_exports:
    weak:
    - openssl >=3.6.4,<4.0a0
  size: 3202955
  timestamp: 1787698780103
- conda: https://prefix.dev/conda-forge/linux-64/pkg-config-0.29.2-h1114479_1013.conda
  sha256: 8f27ee1b6166c5be505dba4b0dd0f3b3b81ddec811f6118cc337b90cbd3937a4
  md5: 0aab2923309084c5f89ef32cd39a19b2
  depends:
  - libgcc >=15
  - __glibc >=2.17,<3.0.a0
  license: GPL-2.0-or-later
  license_family: GPL
  run_exports: {}
  size: 141376
  timestamp: 1788677377648
- conda: https://prefix.dev/conda-forge/linux-64/pthread-stubs-0.4-h7cc23a3_1004.conda
  sha256: 4a44fd00ea73b79ca2c89b0727b9ccf61c506ead71e67a9abfa4c590042b5a4a
  md5: bb66b610707b811e3c65181a6431e7a8
  depends:
  - __glibc >=2.17,<3.0.a0
  - libgcc >=15
  license: MIT
  license_family: MIT
  run_exports: {}
  size: 9630
  timestamp: 1788381877753
- conda: https://prefix.dev/conda-forge/linux-64/python-3.12.14-h5f976f7_3_cpython.conda
  build_number: 3
  sha256: 14c579b1016da04e4c9f1c5c857272d83ec447317d8c4074a07d59de3cef70ef
  md5: 98be3cf76eca2e8871f907a03aed3b84
  depends:
  - __glibc >=2.17,<3.0.a0
  - bzip2 >=1.0.8,<2.0a0
  - ld_impl_linux-64 >=2.36.1
  - libexpat >=2.8.1,<3.0a0
  - libffi >=3.7.0,<3.8.0a0
  - libgcc >=15
  - liblzma >=5.8.3,<6.0a0
  - libnsl >=2.0.1,<2.1.0a0
  - libpython 3.12.14 h0c77377_3_cpython
  - libsqlite >=3.53.4,<4.0a0
  - libuuid >=2.42.3,<3.0a0
  - libxcrypt >=4.4.38
  - libzlib >=1.3.2,<2.0a0
  - ncurses >=6.6,<7.0a0
  - openssl >=3.5.8,<4.0a0
  - readline >=8.3,<9.0a0
  - tk >=8.6.13,<8.7.0a0
  - tzdata
  constrains:
  - python_abi 3.12.* *_cp312
  license: Python-2.0
  run_exports:
    weak:
    - python_abi 3.12.* *_cp312
    noarch:
    - python
  size: 23044161
  timestamp: 1788392496306
- conda: https://prefix.dev/conda-forge/linux-64/readline-8.3-hd6e31c0_1.conda
  sha256: 01b3fe073a66e321970d09e04b388708f8cbdca5cdfbfcb7c9eeb470ad10383d
  md5: 69c01c781e7c8190bbdaf79e3848c5ca
  depends:
  - __glibc >=2.17,<3.0.a0
  - libgcc >=15
  - ncurses >=6.6,<7.0a0
  license: GPL-3.0-only
  license_family: GPL
  run_exports:
    weak:
    - readline >=8.3,<9.0a0
  size: 348899
  timestamp: 1787033801506
- conda: https://prefix.dev/conda-forge/linux-64/rhash-1.4.6-hb03c661_2.conda
  sha256: 186a5b225077ad5f4656966da947d43307101950751ef4a239b455588756b4e1
  md5: 007602d697e07c11ff9864964eba5ee3
  depends:
  - __glibc >=2.17,<3.0.a0
  - libgcc >=14
  license: MIT
  license_family: MIT
  run_exports:
    weak:
    - rhash >=1.4.6,<2.0a0
  size: 194994
  timestamp: 1786731436520
- conda: https://prefix.dev/conda-forge/linux-64/tk-8.6.13-noxft_h1df4ec4_4.conda
  build_number: 104
  sha256: a1a241d172c1ccab067ba245206dd048bc3c2d1b84504b53c9468e99adfc16a1
  md5: 676a2f9b1c4fcf57b70aa5c65f6c60d0
  depends:
  - libgcc >=15
  - __glibc >=2.17,<3.0.a0
  - libzlib >=1.3.2,<2.0a0
  constrains:
  - xorg-libx11 >=1.8.13,<2.0a0
  license: TCL
  run_exports:
    weak:
    - tk >=8.6.13,<8.7.0a0
  size: 3566806
  timestamp: 1787272857910
- conda: https://prefix.dev/conda-forge/linux-64/wayland-1.26.0-hc1c935e_2.conda
  sha256: df65b987979e6d7f88e756494da5a230d4f2d08d17437d04eecd35559c3a04e4
  md5: 88a47e22b53e50865b1cabe2eb648352
  depends:
  - __glibc >=2.17,<3.0.a0
  - libexpat >=2.8.1,<3.0a0
  - libffi >=3.7.0,<3.8.0a0
  - libgcc >=15
  - libstdcxx >=15
  license: MIT
  license_family: MIT
  run_exports:
    weak:
    - wayland >=1.26.0,<2.0a0
  size: 340058
  timestamp: 1787793849093
- conda: https://prefix.dev/conda-forge/linux-64/xkeyboard-config-2.48-h280c20c_0.conda
  sha256: 3b04afd5d1a65d2d27ac2d49a63b01ab8bcd875776779ec63e337370ed38afdc
  md5: b233b41be0bf210989d57160ed39b394
  depends:
  - libgcc >=14
  - __glibc >=2.17,<3.0.a0
  - xorg-libx11 >=1.8.13,<2.0a0
  license: MIT
  license_family: MIT
  run_exports: {}
  size: 441670
  timestamp: 1782027360439
- conda: https://prefix.dev/conda-forge/linux-64/xorg-libx11-1.8.13-he1eb515_1.conda
  sha256: 68053eebfa9f0d91666786c8fb5839d989aa9b869add92cb8815228bb2d7302c
  md5: 8c282bbe4808a3cc80a5c98e9aec1cfc
  depends:
  - __glibc >=2.17,<3.0.a0
  - libgcc >=14
  - libxcb >=1.17.0,<2.0a0
  license: MIT
  license_family: MIT
  run_exports:
    weak:
    - xorg-libx11 >=1.8.13,<2.0a0
  size: 839578
  timestamp: 1787087012372
- conda: https://prefix.dev/conda-forge/linux-64/xorg-libxau-1.0.12-h7cc23a3_2.conda
  sha256: 3ec065b94554dc48a4ca582a960a5484bc166b26e83ce0954653e08d17e8bd53
  md5: da33efee1a93603d92e06d4a2b68def6
  depends:
  - __glibc >=2.17,<3.0.a0
  - libgcc >=15
  license: MIT
  license_family: MIT
  run_exports:
    weak:
    - xorg-libxau >=1.0.12,<2.0a0
  size: 18793
  timestamp: 1788960512381
- conda: https://prefix.dev/conda-forge/linux-64/xorg-libxcursor-1.2.3-hb9d3cd8_0.conda
  sha256: 832f538ade441b1eee863c8c91af9e69b356cd3e9e1350fff4fe36cc573fc91a
  md5: 2ccd714aa2242315acaf0a67faea780b
  depends:
  - __glibc >=2.17,<3.0.a0
  - libgcc >=13
  - xorg-libx11 >=1.8.10,<2.0a0
  - xorg-libxfixes >=6.0.1,<7.0a0
  - xorg-libxrender >=0.9.11,<0.10.0a0
  license: MIT
  license_family: MIT
  run_exports:
    weak:
    - xorg-libxcursor >=1.2.3,<2.0a0
  size: 32533
  timestamp: 1730908305254
- conda: https://prefix.dev/conda-forge/linux-64/xorg-libxdmcp-1.1.5-h7cc23a3_2.conda
  sha256: 8a095df9bc1d2e50f2504ce8858a047ae29ea634aad6cc0b43298c63361da6d9
  md5: eabfc45786244de252090cf8d55128a8
  depends:
  - __glibc >=2.17,<3.0.a0
  - libgcc >=15
  license: MIT
  license_family: MIT
  run_exports:
    weak:
    - xorg-libxdmcp >=1.1.5,<2.0a0
  size: 22606
  timestamp: 1789676943335
- conda: https://prefix.dev/conda-forge/linux-64/xorg-libxext-1.3.7-h7cc23a3_1.conda
  sha256: aa9bbe8b278aacc194e280ff5037f9f9a1f2c5b33ed97de8e7f01cfbe90dda43
  md5: e5b6b28536b81b3f4cb20db4668a4642
  depends:
  - __glibc >=2.17,<3.0.a0
  - libgcc >=15
  - xorg-libx11 >=1.8.13,<2.0a0
  license: MIT
  license_family: MIT
  run_exports:
    weak:
    - xorg-libxext >=1.3.7,<2.0a0
  size: 53124
  timestamp: 1787100841900
- conda: https://prefix.dev/conda-forge/linux-64/xorg-libxfixes-6.0.2-h7cc23a3_1.conda
  sha256: aec84f554fc897bf4085c7bc8b8f0740e4c224e13bca3cc51c93e7699d56f83a
  md5: 09132e874fe0e1f5e4492b0b6b904b6e
  depends:
  - __glibc >=2.17,<3.0.a0
  - libgcc >=15
  - xorg-libx11 >=1.8.13,<2.0a0
  license: MIT
  license_family: MIT
  run_exports:
    weak:
    - xorg-libxfixes >=6.0.2,<7.0a0
  size: 21440
  timestamp: 1787248059682
- conda: https://prefix.dev/conda-forge/linux-64/xorg-libxi-1.8.3-h7cc23a3_1.conda
  sha256: a523d71344a2f640efe6fc42b88fc261d9cd389d4f9838a5d42dcdb120c2b0c8
  md5: a1412b2b1184dacda45f8476fef2cc25
  depends:
  - __glibc >=2.17,<3.0.a0
  - libgcc >=15
  - xorg-libx11 >=1.8.13,<2.0a0
  - xorg-libxext >=1.3.7,<2.0a0
  - xorg-libxfixes >=6.0.2,<7.0a0
  license: MIT
  license_family: MIT
  run_exports:
    weak:
    - xorg-libxi >=1.8.3,<2.0a0
  size: 49165
  timestamp: 1787257060460
- conda: https://prefix.dev/conda-forge/linux-64/xorg-libxinerama-1.1.6-hecca717_0.conda
  sha256: 3a9da41aac6dca9d3ff1b53ee18b9d314de88add76bafad9ca2287a494abcd86
  md5: 93f5d4b5c17c8540479ad65f206fea51
  depends:
  - __glibc >=2.17,<3.0.a0
  - libgcc >=14
  - libstdcxx >=14
  - xorg-libx11 >=1.8.12,<2.0a0
  - xorg-libxext >=1.3.6,<2.0a0
  license: MIT
  license_family: MIT
  run_exports:
    weak:
    - xorg-libxinerama >=1.1.6,<1.2.0a0
  size: 14818
  timestamp: 1769432261050
- conda: https://prefix.dev/conda-forge/linux-64/xorg-libxrandr-1.5.5-h7cc23a3_1.conda
  sha256: 05a7f25d7f7f5cd32b27a019233ece97167fd8ade255bc13a0e49e53387f4c30
  md5: 798a8c9d171859a022e1cb89e7d0eb10
  depends:
  - __glibc >=2.17,<3.0.a0
  - libgcc >=15
  - xorg-libx11 >=1.8.13,<2.0a0
  - xorg-libxext >=1.3.7,<2.0a0
  - xorg-libxrender >=0.9.12,<0.10.0a0
  license: MIT
  license_family: MIT
  run_exports:
    weak:
    - xorg-libxrandr >=1.5.5,<2.0a0
  size: 31106
  timestamp: 1787246614086
- conda: https://prefix.dev/conda-forge/linux-64/xorg-libxrender-0.9.12-hb03c661_1.conda
  sha256: 6901f91d398811e4ec89d7e20a69abac02a7bfebfaf073338b7ea3d1a99685b7
  md5: e470d224a7a5be1b1d021bded7abb536
  depends:
  - __glibc >=2.17,<3.0.a0
  - libgcc >=14
  - xorg-libx11 >=1.8.13,<2.0a0
  license: MIT
  license_family: MIT
  run_exports:
    weak:
    - xorg-libxrender >=0.9.12,<0.10.0a0
  size: 34645
  timestamp: 1787100191192
- conda: https://prefix.dev/conda-forge/linux-64/xorg-xorgproto-2025.1-hebe6cf0_3.conda
  sha256: 8e9c7ca4fcfe9f0c300e4aa853b79c25411fc4e470decfe8f909b74f60dfb6dd
  md5: c3d0a6f03ba3aa312777b41b20a71ec0
  depends:
  - libgcc >=15
  - __glibc >=2.17,<3.0.a0
  license: MIT
  license_family: MIT
  run_exports: {}
  size: 596340
  timestamp: 1788874111132
- conda: https://prefix.dev/conda-forge/linux-64/zlib-1.3.2-h25fd6f3_3.conda
  sha256: 16080a1c7724f7d25727cdc23c7658e0cec2db52448c1dc0c33467ee2c6e1c62
  md5: 6acb86426229f96f93e5468d1df3a5e8
  depends:
  - __glibc >=2.17,<3.0.a0
  - libzlib 1.3.2 h25fd6f3_3
  license: Zlib
  license_family: Other
  run_exports:
    weak:
    - libzlib >=1.3.2,<2.0a0
  size: 96132
  timestamp: 1785362957588
- conda: https://prefix.dev/conda-forge/linux-64/zstd-1.5.7-hb78ec9c_7.conda
  sha256: 47d682b9f6d6ec9eb1a6e6c3e75ea6273e899e78fb7fc59f81d39745009fbc60
  md5: aa459086047c0e5e27023ab19f8cb86a
  depends:
  - __glibc >=2.17,<3.0.a0
  - libzlib >=1.3.2,<2.0a0
  license: BSD-3-Clause
  license_family: BSD
  run_exports:
    weak:
    - zstd >=1.5.7,<1.6.0a0
  size: 601301
  timestamp: 1786599621503
- conda: https://prefix.dev/conda-forge/noarch/ca-certificates-2026.7.22-hbd8a1cb_0.conda
  sha256: 0a0544cf95f64394fe4959286f5c71f5444ad58feb0602e53becb27448d24da6
  md5: 0f51e2391ade309db462a55611263e9c
  depends:
  - __unix
  license: ISC
  run_exports: {}
  size: 131780
  timestamp: 1784754889428
- conda: https://prefix.dev/conda-forge/noarch/kernel-headers_linux-64-4.18.0-he073ed8_9.conda
  sha256: 41557eeadf641de6aeae49486cef30d02a6912d8da98585d687894afd65b356a
  md5: 86d9cba083cd041bfbf242a01a7a1999
  constrains:
  - sysroot_linux-64 ==2.28
  license: LGPL-2.0-or-later AND LGPL-2.0-or-later WITH exceptions AND GPL-2.0-or-later
  license_family: GPL
  run_exports: {}
  size: 1278712
  timestamp: 1765578681495
- conda: https://prefix.dev/conda-forge/noarch/libgcc-devel_linux-64-15.3.0-h2b852eb_105.conda
  sha256: f968a7844e138449efa881ca8167fa0ff5b610fa4f03c50efcce6034b8164ea5
  md5: 35e3188b38ce23565cc39989ba76199d
  depends:
  - __unix
  license: GPL-3.0-only WITH GCC-exception-3.1
  license_family: GPL
  run_exports: {}
  size: 3088262
  timestamp: 1789486575036
- conda: https://prefix.dev/conda-forge/noarch/libstdcxx-devel_linux-64-15.3.0-hb2c5482_105.conda
  sha256: 320d67cafd034956aeea2c597faf88bc320739394e11e7cac66188b702ee9aa3
  md5: 5a196f19d6f46bca4800b254db3e78b4
  depends:
  - __unix
  license: GPL-3.0-only WITH GCC-exception-3.1
  license_family: GPL
  run_exports: {}
  size: 19445568
  timestamp: 1789486598481
- conda: https://prefix.dev/conda-forge/noarch/sysroot_linux-64-2.28-h4ee821c_9.conda
  sha256: c47299fe37aebb0fcf674b3be588e67e4afb86225be4b0d452c7eb75c086b851
  md5: 13dc3adbc692664cd3beabd216434749
  depends:
  - __glibc >=2.28
  - kernel-headers_linux-64 4.18.0 he073ed8_9
  - tzdata
  license: LGPL-2.0-or-later AND LGPL-2.0-or-later WITH exceptions AND GPL-2.0-or-later
  license_family: GPL
  run_exports:
    strong:
    - __glibc >=2.28,<3.0.a0
  size: 24008591
  timestamp: 1765578833462
- conda: https://prefix.dev/conda-forge/noarch/tzdata-2026c-h151e31d_0.conda
  sha256: b928c30ddcb0e3f544c6eade8352737e6e610e263276b90232db6a578ef899d8
  md5: fcb489df604d100968b737f2cb6076c6
  license: LicenseRef-Public-Domain
  run_exports: {}
  size: 118849
  timestamp: 1784250406640
